
Microsoft Visual Studio Solution File, Format Version 12.00
# Visual Studio Version 16
VisualStudioVersion = 16.0.29926.136
MinimumVisualStudioVersion = 10.0.40219.1
Project("{FAE04EC0-301F-11D3-BF4B-00C04F79EFBC}") = "AvaloniaControls", "AvaloniaControls\AvaloniaControls.csproj", "{4FE84C8D-DD3A-4FA5-9173-66E1A06965E3}"
EndProject
Project("{FAE04EC0-301F-11D3-BF4B-00C04F79EFBC}") = "AvaDevBox", "AvaDevBox\AvaDevBox.csproj", "{54845B12-0C77-404F-A12A-86BA1DBE6E22}"
EndProject
Global
	GlobalSection(SolutionConfigurationPlatforms) = preSolution
		Debug|Any CPU = Debug|Any CPU
		Release|Any CPU = Release|Any CPU
	EndGlobalSection
	GlobalSection(ProjectConfigurationPlatforms) = postSolution
		{4FE84C8D-DD3A-4FA5-9173-66E1A06965E3}.Debug|Any CPU.ActiveCfg = Debug|Any CPU
		{4FE84C8D-DD3A-4FA5-9173-66E1A06965E3}.Debug|Any CPU.Build.0 = Debug|Any CPU
		{4FE84C8D-DD3A-4FA5-9173-66E1A06965E3}.Release|Any CPU.ActiveCfg = Release|Any CPU
		{4FE84C8D-DD3A-4FA5-9173-66E1A06965E3}.Release|Any CPU.Build.0 = Release|Any CPU
		{54845B12-0C77-404F-A12A-86BA1DBE6E22}.Debug|Any CPU.ActiveCfg = Debug|Any CPU
		{54845B12-0C77-404F-A12A-86BA1DBE6E22}.Debug|Any CPU.Build.0 = Debug|Any CPU
		{54845B12-0C77-404F-A12A-86BA1DBE6E22}.Release|Any CPU.ActiveCfg = Release|Any CPU
		{54845B12-0C77-404F-A12A-86BA1DBE6E22}.Release|Any CPU.Build.0 = Release|Any CPU
	EndGlobalSection
	GlobalSection(SolutionProperties) = preSolution
		HideSolutionNode = FALSE
	EndGlobalSection
	GlobalSection(ExtensibilityGlobals) = postSolution
		SolutionGuid = {3D678281-61F9-4774-8EA0-0EE32B10A5AD}
	EndGlobalSection
EndGlobal
